
Microsoft Visual Studio Solution File, Format Version 12.00
# Visual Studio Version 16
VisualStudioVersion = 16.0.28803.202
MinimumVisualStudioVersion = 10.0.40219.1
Project("{FAE04EC0-301F-11D3-BF4B-00C04F79EFBC}") = "HeapSortVisual", "HeapSortVisual\HeapSortVisual.csproj", "{07E8BB3B-B3BE-4EB5-9B3F-583AA3DA594F}"
EndProject
Global
	GlobalSection(SolutionConfigurationPlatforms) = preSolution
		Debug|Any CPU = Debug|Any CPU
		Release|Any CPU = Release|Any CPU
	EndGlobalSection
	GlobalSection(ProjectConfigurationPlatforms) = postSolution
		{07E8BB3B-B3BE-4EB5-9B3F-583AA3DA594F}.Debug|Any CPU.ActiveCfg = Debug|Any CPU
		{07E8BB3B-B3BE-4EB5-9B3F-583AA3DA594F}.Debug|Any CPU.Build.0 = Debug|Any CPU
		{07E8BB3B-B3BE-4EB5-9B3F-583AA3DA594F}.Release|Any CPU.ActiveCfg = Release|Any CPU
		{07E8BB3B-B3BE-4EB5-9B3F-583AA3DA594F}.Release|Any CPU.Build.0 = Release|Any CPU
	EndGlobalSection
	GlobalSection(SolutionProperties) = preSolution
		HideSolutionNode = FALSE
	EndGlobalSection
	GlobalSection(ExtensibilityGlobals) = postSolution
		SolutionGuid = {FAA23FC6-BF47-4842-8CCF-80D09BC3713E}
	EndGlobalSection
EndGlobal
